
Microsoft Visual Studio Solution File, Format Version 12.00
# Visual Studio Version 17
VisualStudioVersion = 17.5.33516.290
MinimumVisualStudioVersion = 10.0.40219.1
Project("{9A19103F-16F7-4668-BE54-9A1E7A4F7556}") = "AudioControl", "AudioControl\AudioControl.csproj", "{481622A6-72B9-47FE-8B2C-63DC54A45CA5}"
EndProject
Global
	GlobalSection(SolutionConfigurationPlatforms) = preSolution
		Debug|Any CPU = Debug|Any CPU
		Release|Any CPU = Release|Any CPU
	EndGlobalSection
	GlobalSection(ProjectConfigurationPlatforms) = postSolution
		{481622A6-72B9-47FE-8B2C-63DC54A45CA5}.Debug|Any CPU.ActiveCfg = Release|Any CPU
		{481622A6-72B9-47FE-8B2C-63DC54A45CA5}.Debug|Any CPU.Build.0 = Release|Any CPU
		{481622A6-72B9-47FE-8B2C-63DC54A45CA5}.Release|Any CPU.ActiveCfg = Release|Any CPU
		{481622A6-72B9-47FE-8B2C-63DC54A45CA5}.Release|Any CPU.Build.0 = Release|Any CPU
	EndGlobalSection
	GlobalSection(SolutionProperties) = preSolution
		HideSolutionNode = FALSE
	EndGlobalSection
	GlobalSection(ExtensibilityGlobals) = postSolution
		SolutionGuid = {24400B53-84F9-4B89-9DFC-0F8F94D647B6}
	EndGlobalSection
EndGlobal
