
Microsoft Visual Studio Solution File, Format Version 12.00
# Visual Studio Version 18
VisualStudioVersion = 18.10.12217.157 stable
MinimumVisualStudioVersion = 10.0.40219.1
Project("{9A19103F-16F7-4668-BE54-9A1E7A4F7556}") = "AudioControl", "AudioControl\AudioControl.csproj", "{481622A6-72B9-47FE-8B2C-63DC54A45CA5}"
EndProject
Project("{FAE04EC0-301F-11D3-BF4B-00C04F79EFBC}") = "GameChatBalancer.Wpf", "GameChatBalancer.Wpf\GameChatBalancer.Wpf.csproj", "{1861BDE1-76C0-8A82-2FE9-9F714A0806EE}"
EndProject
Global
	GlobalSection(SolutionConfigurationPlatforms) = preSolution
		Debug|Any CPU = Debug|Any CPU
		Release|Any CPU = Release|Any CPU
	EndGlobalSection
	GlobalSection(ProjectConfigurationPlatforms) = postSolution
		{481622A6-72B9-47FE-8B2C-63DC54A45CA5}.Debug|Any CPU.ActiveCfg = Release|Any CPU
		{481622A6-72B9-47FE-8B2C-63DC54A45CA5}.Debug|Any CPU.Build.0 = Release|Any CPU
		{481622A6-72B9-47FE-8B2C-63DC54A45CA5}.Release|Any CPU.ActiveCfg = Release|Any CPU
		{481622A6-72B9-47FE-8B2C-63DC54A45CA5}.Release|Any CPU.Build.0 = Release|Any CPU
		{1861BDE1-76C0-8A82-2FE9-9F714A0806EE}.Debug|Any CPU.ActiveCfg = Debug|Any CPU
		{1861BDE1-76C0-8A82-2FE9-9F714A0806EE}.Debug|Any CPU.Build.0 = Debug|Any CPU
		{1861BDE1-76C0-8A82-2FE9-9F714A0806EE}.Release|Any CPU.ActiveCfg = Release|Any CPU
		{1861BDE1-76C0-8A82-2FE9-9F714A0806EE}.Release|Any CPU.Build.0 = Release|Any CPU
	EndGlobalSection
	GlobalSection(SolutionProperties) = preSolution
		HideSolutionNode = FALSE
	EndGlobalSection
	GlobalSection(ExtensibilityGlobals) = postSolution
		SolutionGuid = {24400B53-84F9-4B89-9DFC-0F8F94D647B6}
	EndGlobalSection
EndGlobal
